
Microsoft Visual Studio Solution File, Format Version 12.00
# Visual Studio Version 17
VisualStudioVersion = 17.2.32616.157
MinimumVisualStudioVersion = 10.0.40219.1
Project("{D954291E-2A0B-460D-934E-DC6B0785DB48}") = "UnoShapeBorderIssue.Shared", "UnoShapeBorderIssue\UnoShapeBorderIssue.Shared\UnoShapeBorderIssue.Shared.shproj", "{6279C845-92F8-4333-AB99-3D213163593C}"
EndProject
Project("{2150E333-8FDC-42A3-9474-1A3956D46DE8}") = "Platforms", "Platforms", "{49736DCA-024D-4810-AD7F-7FF1D59B73DB}"
EndProject
Project("{FAE04EC0-301F-11D3-BF4B-00C04F79EFBC}") = "UnoShapeBorderIssue.Droid", "UnoShapeBorderIssue\UnoShapeBorderIssue.Droid\UnoShapeBorderIssue.Droid.csproj", "{684CBC0F-074B-4676-A0AA-07530211499D}"
EndProject
Project("{FAE04EC0-301F-11D3-BF4B-00C04F79EFBC}") = "UnoShapeBorderIssue.iOS", "UnoShapeBorderIssue\UnoShapeBorderIssue.iOS\UnoShapeBorderIssue.iOS.csproj", "{AAB0CA11-D753-4451-8EF5-19FE3BE5BFA6}"
EndProject
Project("{FAE04EC0-301F-11D3-BF4B-00C04F79EFBC}") = "UnoShapeBorderIssue.UWP", "UnoShapeBorderIssue\UnoShapeBorderIssue.UWP\UnoShapeBorderIssue.UWP.csproj", "{568CBDDB-9BB5-45B8-83C9-87B2DDAAD44C}"
EndProject
Project("{9A19103F-16F7-4668-BE54-9A1E7A4F7556}") = "UnoShapeBorderIssue.Wasm", "UnoShapeBorderIssue\UnoShapeBorderIssue.Wasm\UnoShapeBorderIssue.Wasm.csproj", "{9045181B-24EA-46E8-ABA8-39EE75592B6D}"
EndProject
Project("{FAE04EC0-301F-11D3-BF4B-00C04F79EFBC}") = "UnoShapeBorderIssue.macOS", "UnoShapeBorderIssue\UnoShapeBorderIssue.macOS\UnoShapeBorderIssue.macOS.csproj", "{36507CE4-A76E-4AE6-9A60-4F8F4A432A3F}"
EndProject
Project("{9A19103F-16F7-4668-BE54-9A1E7A4F7556}") = "UnoShapeBorderIssue.Skia.Wpf.Host", "UnoShapeBorderIssue\UnoShapeBorderIssue.Skia.Wpf.Host\UnoShapeBorderIssue.Skia.Wpf.Host.csproj", "{C4ECFE42-25AB-4226-8CB3-597BADAF25B6}"
EndProject
Project("{9A19103F-16F7-4668-BE54-9A1E7A4F7556}") = "UnoShapeBorderIssue.Skia.Wpf", "UnoShapeBorderIssue\UnoShapeBorderIssue.Skia.Wpf\UnoShapeBorderIssue.Skia.Wpf.csproj", "{4252E4CC-6A77-4219-88FC-55013980B837}"
EndProject
Project("{9A19103F-16F7-4668-BE54-9A1E7A4F7556}") = "UnoShapeBorderIssue.Skia.Gtk", "UnoShapeBorderIssue\UnoShapeBorderIssue.Skia.Gtk\UnoShapeBorderIssue.Skia.Gtk.csproj", "{AB0A0D46-1417-425B-A365-A6F9E17906BA}"
EndProject
Project("{9A19103F-16F7-4668-BE54-9A1E7A4F7556}") = "UnoShapeBorderIssue.Skia.Tizen", "UnoShapeBorderIssue\UnoShapeBorderIssue.Skia.Tizen\UnoShapeBorderIssue.Skia.Tizen.csproj", "{A3315F61-CB83-42AA-A48A-352D0BEE2656}"
EndProject
Project("{2150E333-8FDC-42A3-9474-1A3956D46DE8}") = "Solution Items", "Solution Items", "{0A725B22-3A02-4800-BA6D-FCEFEFFB855F}"
	ProjectSection(SolutionItems) = preProject
		global.json = global.json
		README.md = README.md
	EndProjectSection
EndProject
Global
	GlobalSection(SolutionConfigurationPlatforms) = preSolution
		Ad-Hoc|Any CPU = Ad-Hoc|Any CPU
		Ad-Hoc|ARM = Ad-Hoc|ARM
		Ad-Hoc|ARM64 = Ad-Hoc|ARM64
		Ad-Hoc|iPhone = Ad-Hoc|iPhone
		Ad-Hoc|iPhoneSimulator = Ad-Hoc|iPhoneSimulator
		Ad-Hoc|x64 = Ad-Hoc|x64
		Ad-Hoc|x86 = Ad-Hoc|x86
		AppStore|Any CPU = AppStore|Any CPU
		AppStore|ARM = AppStore|ARM
		AppStore|ARM64 = AppStore|ARM64
		AppStore|iPhone = AppStore|iPhone
		AppStore|iPhoneSimulator = AppStore|iPhoneSimulator
		AppStore|x64 = AppStore|x64
		AppStore|x86 = AppStore|x86
		Debug|Any CPU = Debug|Any CPU
		Debug|ARM = Debug|ARM
		Debug|ARM64 = Debug|ARM64
		Debug|iPhone = Debug|iPhone
		Debug|iPhoneSimulator = Debug|iPhoneSimulator
		Debug|x64 = Debug|x64
		Debug|x86 = Debug|x86
		Release|Any CPU = Release|Any CPU
		Release|ARM = Release|ARM
		Release|ARM64 = Release|ARM64
		Release|iPhone = Release|iPhone
		Release|iPhoneSimulator = Release|iPhoneSimulator
		Release|x64 = Release|x64
		Release|x86 = Release|x86
	EndGlobalSection
	GlobalSection(ProjectConfigurationPlatforms) = postSolution
		{684CBC0F-074B-4676-A0AA-07530211499D}.Ad-Hoc|Any CPU.ActiveCfg = Debug|Any CPU
		{684CBC0F-074B-4676-A0AA-07530211499D}.Ad-Hoc|Any CPU.Build.0 = Debug|Any CPU
		{684CBC0F-074B-4676-A0AA-07530211499D}.Ad-Hoc|Any CPU.Deploy.0 = Debug|Any CPU
		{684CBC0F-074B-4676-A0AA-07530211499D}.Ad-Hoc|ARM.ActiveCfg = Debug|Any CPU
		{684CBC0F-074B-4676-A0AA-07530211499D}.Ad-Hoc|ARM.Build.0 = Debug|Any CPU
		{684CBC0F-074B-4676-A0AA-07530211499D}.Ad-Hoc|ARM.Deploy.0 = Debug|Any CPU
		{684CBC0F-074B-4676-A0AA-07530211499D}.Ad-Hoc|ARM64.ActiveCfg = Debug|Any CPU
		{684CBC0F-074B-4676-A0AA-07530211499D}.Ad-Hoc|ARM64.Build.0 = Debug|Any CPU
		{684CBC0F-074B-4676-A0AA-07530211499D}.Ad-Hoc|ARM64.Deploy.0 = Debug|Any CPU
		{684CBC0F-074B-4676-A0AA-07530211499D}.Ad-Hoc|iPhone.ActiveCfg = Debug|Any CPU
		{684CBC0F-074B-4676-A0AA-07530211499D}.Ad-Hoc|iPhone.Build.0 = Debug|Any CPU
		{684CBC0F-074B-4676-A0AA-07530211499D}.Ad-Hoc|iPhone.Deploy.0 = Debug|Any CPU
		{684CBC0F-074B-4676-A0AA-07530211499D}.Ad-Hoc|iPhoneSimulator.ActiveCfg = Debug|Any CPU
		{684CBC0F-074B-4676-A0AA-07530211499D}.Ad-Hoc|iPhoneSimulator.Build.0 = Debug|Any CPU
		{684CBC0F-074B-4676-A0AA-07530211499D}.Ad-Hoc|iPhoneSimulator.Deploy.0 = Debug|Any CPU
		{684CBC0F-074B-4676-A0AA-07530211499D}.Ad-Hoc|x64.ActiveCfg = Debug|Any CPU
		{684CBC0F-074B-4676-A0AA-07530211499D}.Ad-Hoc|x64.Build.0 = Debug|Any CPU
		{684CBC0F-074B-4676-A0AA-07530211499D}.Ad-Hoc|x64.Deploy.0 = Debug|Any CPU
		{684CBC0F-074B-4676-A0AA-07530211499D}.Ad-Hoc|x86.ActiveCfg = Debug|Any CPU
		{684CBC0F-074B-4676-A0AA-07530211499D}.Ad-Hoc|x86.Build.0 = Debug|Any CPU
		{684CBC0F-074B-4676-A0AA-07530211499D}.Ad-Hoc|x86.Deploy.0 = Debug|Any CPU
		{684CBC0F-074B-4676-A0AA-07530211499D}.AppStore|Any CPU.ActiveCfg = Debug|Any CPU
		{684CBC0F-074B-4676-A0AA-07530211499D}.AppStore|Any CPU.Build.0 = Debug|Any CPU
		{684CBC0F-074B-4676-A0AA-07530211499D}.AppStore|Any CPU.Deploy.0 = Debug|Any CPU
		{684CBC0F-074B-4676-A0AA-07530211499D}.AppStore|ARM.ActiveCfg = Debug|Any CPU
		{684CBC0F-074B-4676-A0AA-07530211499D}.AppStore|ARM.Build.0 = Debug|Any CPU
		{684CBC0F-074B-4676-A0AA-07530211499D}.AppStore|ARM.Deploy.0 = Debug|Any CPU
		{684CBC0F-074B-4676-A0AA-07530211499D}.AppStore|ARM64.ActiveCfg = Debug|Any CPU
		{684CBC0F-074B-4676-A0AA-07530211499D}.AppStore|ARM64.Build.0 = Debug|Any CPU
		{684CBC0F-074B-4676-A0AA-07530211499D}.AppStore|ARM64.Deploy.0 = Debug|Any CPU
		{684CBC0F-074B-4676-A0AA-07530211499D}.AppStore|iPhone.ActiveCfg = Debug|Any CPU
		{684CBC0F-074B-4676-A0AA-07530211499D}.AppStore|iPhone.Build.0 = Debug|Any CPU
		{684CBC0F-074B-4676-A0AA-07530211499D}.AppStore|iPhone.Deploy.0 = Debug|Any CPU
		{684CBC0F-074B-4676-A0AA-07530211499D}.AppStore|iPhoneSimulator.ActiveCfg = Debug|Any CPU
		{684CBC0F-074B-4676-A0AA-07530211499D}.AppStore|iPhoneSimulator.Build.0 = Debug|Any CPU
		{684CBC0F-074B-4676-A0AA-07530211499D}.AppStore|iPhoneSimulator.Deploy.0 = Debug|Any CPU
		{684CBC0F-074B-4676-A0AA-07530211499D}.AppStore|x64.ActiveCfg = Debug|Any CPU
		{684CBC0F-074B-4676-A0AA-07530211499D}.AppStore|x64.Build.0 = Debug|Any CPU
		{684CBC0F-074B-4676-A0AA-07530211499D}.AppStore|x64.Deploy.0 = Debug|Any CPU
		{684CBC0F-074B-4676-A0AA-07530211499D}.AppStore|x86.ActiveCfg = Debug|Any CPU
		{684CBC0F-074B-4676-A0AA-07530211499D}.AppStore|x86.Build.0 = Debug|Any CPU
		{684CBC0F-074B-4676-A0AA-07530211499D}.AppStore|x86.Deploy.0 = Debug|Any CPU
		{684CBC0F-074B-4676-A0AA-07530211499D}.Debug|Any CPU.ActiveCfg = Debug|Any CPU
		{684CBC0F-074B-4676-A0AA-07530211499D}.Debug|Any CPU.Build.0 = Debug|Any CPU
		{684CBC0F-074B-4676-A0AA-07530211499D}.Debug|Any CPU.Deploy.0 = Debug|Any CPU
		{684CBC0F-074B-4676-A0AA-07530211499D}.Debug|ARM.ActiveCfg = Debug|Any CPU
		{684CBC0F-074B-4676-A0AA-07530211499D}.Debug|ARM.Build.0 = Debug|Any CPU
		{684CBC0F-074B-4676-A0AA-07530211499D}.Debug|ARM.Deploy.0 = Debug|Any CPU
		{684CBC0F-074B-4676-A0AA-07530211499D}.Debug|ARM64.ActiveCfg = Debug|Any CPU
		{684CBC0F-074B-4676-A0AA-07530211499D}.Debug|ARM64.Build.0 = Debug|Any CPU
		{684CBC0F-074B-4676-A0AA-07530211499D}.Debug|ARM64.Deploy.0 = Debug|Any CPU
		{684CBC0F-074B-4676-A0AA-07530211499D}.Debug|iPhone.ActiveCfg = Debug|Any CPU
		{684CBC0F-074B-4676-A0AA-07530211499D}.Debug|iPhone.Build.0 = Debug|Any CPU
		{684CBC0F-074B-4676-A0AA-07530211499D}.Debug|iPhone.Deploy.0 = Debug|Any CPU
		{684CBC0F-074B-4676-A0AA-07530211499D}.Debug|iPhoneSimulator.ActiveCfg = Debug|Any CPU
		{684CBC0F-074B-4676-A0AA-07530211499D}.Debug|iPhoneSimulator.Build.0 = Debug|Any CPU
		{684CBC0F-074B-4676-A0AA-07530211499D}.Debug|iPhoneSimulator.Deploy.0 = Debug|Any CPU
		{684CBC0F-074B-4676-A0AA-07530211499D}.Debug|x64.ActiveCfg = Debug|Any CPU
		{684CBC0F-074B-4676-A0AA-07530211499D}.Debug|x64.Build.0 = Debug|Any CPU
		{684CBC0F-074B-4676-A0AA-07530211499D}.Debug|x64.Deploy.0 = Debug|Any CPU
		{684CBC0F-074B-4676-A0AA-07530211499D}.Debug|x86.ActiveCfg = Debug|Any CPU
		{684CBC0F-074B-4676-A0AA-07530211499D}.Debug|x86.Build.0 = Debug|Any CPU
		{684CBC0F-074B-4676-A0AA-07530211499D}.Debug|x86.Deploy.0 = Debug|Any CPU
		{684CBC0F-074B-4676-A0AA-07530211499D}.Release|Any CPU.ActiveCfg = Release|Any CPU
		{684CBC0F-074B-4676-A0AA-07530211499D}.Release|Any CPU.Build.0 = Release|Any CPU
		{684CBC0F-074B-4676-A0AA-07530211499D}.Release|Any CPU.Deploy.0 = Release|Any CPU
		{684CBC0F-074B-4676-A0AA-07530211499D}.Release|ARM.ActiveCfg = Release|Any CPU
		{684CBC0F-074B-4676-A0AA-07530211499D}.Release|ARM.Build.0 = Release|Any CPU
		{684CBC0F-074B-4676-A0AA-07530211499D}.Release|ARM.Deploy.0 = Release|Any CPU
		{684CBC0F-074B-4676-A0AA-07530211499D}.Release|ARM64.ActiveCfg = Release|Any CPU
		{684CBC0F-074B-4676-A0AA-07530211499D}.Release|ARM64.Build.0 = Release|Any CPU
		{684CBC0F-074B-4676-A0AA-07530211499D}.Release|ARM64.Deploy.0 = Release|Any CPU
		{684CBC0F-074B-4676-A0AA-07530211499D}.Release|iPhone.ActiveCfg = Release|Any CPU
		{684CBC0F-074B-4676-A0AA-07530211499D}.Release|iPhone.Build.0 = Release|Any CPU
		{684CBC0F-074B-4676-A0AA-07530211499D}.Release|iPhone.Deploy.0 = Release|Any CPU
		{684CBC0F-074B-4676-A0AA-07530211499D}.Release|iPhoneSimulator.ActiveCfg = Release|Any CPU
		{684CBC0F-074B-4676-A0AA-07530211499D}.Release|iPhoneSimulator.Build.0 = Release|Any CPU
		{684CBC0F-074B-4676-A0AA-07530211499D}.Release|iPhoneSimulator.Deploy.0 = Release|Any CPU
		{684CBC0F-074B-4676-A0AA-07530211499D}.Release|x64.ActiveCfg = Release|Any CPU
		{684CBC0F-074B-4676-A0AA-07530211499D}.Release|x64.Build.0 = Release|Any CPU
		{684CBC0F-074B-4676-A0AA-07530211499D}.Release|x64.Deploy.0 = Release|Any CPU
		{684CBC0F-074B-4676-A0AA-07530211499D}.Release|x86.ActiveCfg = Release|Any CPU
		{684CBC0F-074B-4676-A0AA-07530211499D}.Release|x86.Build.0 = Release|Any CPU
		{684CBC0F-074B-4676-A0AA-07530211499D}.Release|x86.Deploy.0 = Release|Any CPU
		{AAB0CA11-D753-4451-8EF5-19FE3BE5BFA6}.Ad-Hoc|Any CPU.ActiveCfg = Ad-Hoc|iPhoneSimulator
		{AAB0CA11-D753-4451-8EF5-19FE3BE5BFA6}.Ad-Hoc|Any CPU.Build.0 = Ad-Hoc|iPhoneSimulator
		{AAB0CA11-D753-4451-8EF5-19FE3BE5BFA6}.Ad-Hoc|ARM.ActiveCfg = Ad-Hoc|iPhoneSimulator
		{AAB0CA11-D753-4451-8EF5-19FE3BE5BFA6}.Ad-Hoc|ARM.Build.0 = Ad-Hoc|iPhoneSimulator
		{AAB0CA11-D753-4451-8EF5-19FE3BE5BFA6}.Ad-Hoc|ARM64.ActiveCfg = Ad-Hoc|iPhoneSimulator
		{AAB0CA11-D753-4451-8EF5-19FE3BE5BFA6}.Ad-Hoc|ARM64.Build.0 = Ad-Hoc|iPhoneSimulator
		{AAB0CA11-D753-4451-8EF5-19FE3BE5BFA6}.Ad-Hoc|iPhone.ActiveCfg = Ad-Hoc|iPhone
		{AAB0CA11-D753-4451-8EF5-19FE3BE5BFA6}.Ad-Hoc|iPhone.Build.0 = Ad-Hoc|iPhone
		{AAB0CA11-D753-4451-8EF5-19FE3BE5BFA6}.Ad-Hoc|iPhoneSimulator.ActiveCfg = Ad-Hoc|iPhoneSimulator
		{AAB0CA11-D753-4451-8EF5-19FE3BE5BFA6}.Ad-Hoc|iPhoneSimulator.Build.0 = Ad-Hoc|iPhoneSimulator
		{AAB0CA11-D753-4451-8EF5-19FE3BE5BFA6}.Ad-Hoc|x64.ActiveCfg = Ad-Hoc|iPhoneSimulator
		{AAB0CA11-D753-4451-8EF5-19FE3BE5BFA6}.Ad-Hoc|x64.Build.0 = Ad-Hoc|iPhoneSimulator
		{AAB0CA11-D753-4451-8EF5-19FE3BE5BFA6}.Ad-Hoc|x86.ActiveCfg = Ad-Hoc|iPhoneSimulator
		{AAB0CA11-D753-4451-8EF5-19FE3BE5BFA6}.Ad-Hoc|x86.Build.0 = Ad-Hoc|iPhoneSimulator
		{AAB0CA11-D753-4451-8EF5-19FE3BE5BFA6}.AppStore|Any CPU.ActiveCfg = AppStore|iPhoneSimulator
		{AAB0CA11-D753-4451-8EF5-19FE3BE5BFA6}.AppStore|Any CPU.Build.0 = AppStore|iPhoneSimulator
		{AAB0CA11-D753-4451-8EF5-19FE3BE5BFA6}.AppStore|ARM.ActiveCfg = AppStore|iPhoneSimulator
		{AAB0CA11-D753-4451-8EF5-19FE3BE5BFA6}.AppStore|ARM.Build.0 = AppStore|iPhoneSimulator
		{AAB0CA11-D753-4451-8EF5-19FE3BE5BFA6}.AppStore|ARM64.ActiveCfg = AppStore|iPhoneSimulator
		{AAB0CA11-D753-4451-8EF5-19FE3BE5BFA6}.AppStore|ARM64.Build.0 = AppStore|iPhoneSimulator
		{AAB0CA11-D753-4451-8EF5-19FE3BE5BFA6}.AppStore|iPhone.ActiveCfg = AppStore|iPhone
		{AAB0CA11-D753-4451-8EF5-19FE3BE5BFA6}.AppStore|iPhone.Build.0 = AppStore|iPhone
		{AAB0CA11-D753-4451-8EF5-19FE3BE5BFA6}.AppStore|iPhoneSimulator.ActiveCfg = AppStore|iPhoneSimulator
		{AAB0CA11-D753-4451-8EF5-19FE3BE5BFA6}.AppStore|iPhoneSimulator.Build.0 = AppStore|iPhoneSimulator
		{AAB0CA11-D753-4451-8EF5-19FE3BE5BFA6}.AppStore|x64.ActiveCfg = AppStore|iPhoneSimulator
		{AAB0CA11-D753-4451-8EF5-19FE3BE5BFA6}.AppStore|x64.Build.0 = AppStore|iPhoneSimulator
		{AAB0CA11-D753-4451-8EF5-19FE3BE5BFA6}.AppStore|x86.ActiveCfg = AppStore|iPhoneSimulator
		{AAB0CA11-D753-4451-8EF5-19FE3BE5BFA6}.AppStore|x86.Build.0 = AppStore|iPhoneSimulator
		{AAB0CA11-D753-4451-8EF5-19FE3BE5BFA6}.Debug|Any CPU.ActiveCfg = Debug|iPhoneSimulator
		{AAB0CA11-D753-4451-8EF5-19FE3BE5BFA6}.Debug|Any CPU.Build.0 = Debug|iPhoneSimulator
		{AAB0CA11-D753-4451-8EF5-19FE3BE5BFA6}.Debug|ARM.ActiveCfg = Debug|iPhoneSimulator
		{AAB0CA11-D753-4451-8EF5-19FE3BE5BFA6}.Debug|ARM.Build.0 = Debug|iPhoneSimulator
		{AAB0CA11-D753-4451-8EF5-19FE3BE5BFA6}.Debug|ARM64.ActiveCfg = Debug|iPhoneSimulator
		{AAB0CA11-D753-4451-8EF5-19FE3BE5BFA6}.Debug|ARM64.Build.0 = Debug|iPhoneSimulator
		{AAB0CA11-D753-4451-8EF5-19FE3BE5BFA6}.Debug|iPhone.ActiveCfg = Debug|iPhone
		{AAB0CA11-D753-4451-8EF5-19FE3BE5BFA6}.Debug|iPhone.Build.0 = Debug|iPhone
		{AAB0CA11-D753-4451-8EF5-19FE3BE5BFA6}.Debug|iPhoneSimulator.ActiveCfg = Debug|iPhoneSimulator
		{AAB0CA11-D753-4451-8EF5-19FE3BE5BFA6}.Debug|iPhoneSimulator.Build.0 = Debug|iPhoneSimulator
		{AAB0CA11-D753-4451-8EF5-19FE3BE5BFA6}.Debug|x64.ActiveCfg = Debug|iPhoneSimulator
		{AAB0CA11-D753-4451-8EF5-19FE3BE5BFA6}.Debug|x64.Build.0 = Debug|iPhoneSimulator
		{AAB0CA11-D753-4451-8EF5-19FE3BE5BFA6}.Debug|x86.ActiveCfg = Debug|iPhoneSimulator
		{AAB0CA11-D753-4451-8EF5-19FE3BE5BFA6}.Debug|x86.Build.0 = Debug|iPhoneSimulator
		{AAB0CA11-D753-4451-8EF5-19FE3BE5BFA6}.Release|Any CPU.ActiveCfg = Release|iPhoneSimulator
		{AAB0CA11-D753-4451-8EF5-19FE3BE5BFA6}.Release|Any CPU.Build.0 = Release|iPhoneSimulator
		{AAB0CA11-D753-4451-8EF5-19FE3BE5BFA6}.Release|ARM.ActiveCfg = Release|iPhoneSimulator
		{AAB0CA11-D753-4451-8EF5-19FE3BE5BFA6}.Release|ARM.Build.0 = Release|iPhoneSimulator
		{AAB0CA11-D753-4451-8EF5-19FE3BE5BFA6}.Release|ARM64.ActiveCfg = Release|iPhoneSimulator
		{AAB0CA11-D753-4451-8EF5-19FE3BE5BFA6}.Release|ARM64.Build.0 = Release|iPhoneSimulator
		{AAB0CA11-D753-4451-8EF5-19FE3BE5BFA6}.Release|iPhone.ActiveCfg = Release|iPhone
		{AAB0CA11-D753-4451-8EF5-19FE3BE5BFA6}.Release|iPhone.Build.0 = Release|iPhone
		{AAB0CA11-D753-4451-8EF5-19FE3BE5BFA6}.Release|iPhoneSimulator.ActiveCfg = Release|iPhoneSimulator
		{AAB0CA11-D753-4451-8EF5-19FE3BE5BFA6}.Release|iPhoneSimulator.Build.0 = Release|iPhoneSimulator
		{AAB0CA11-D753-4451-8EF5-19FE3BE5BFA6}.Release|x64.ActiveCfg = Release|iPhoneSimulator
		{AAB0CA11-D753-4451-8EF5-19FE3BE5BFA6}.Release|x64.Build.0 = Release|iPhoneSimulator
		{AAB0CA11-D753-4451-8EF5-19FE3BE5BFA6}.Release|x86.ActiveCfg = Release|iPhoneSimulator
		{AAB0CA11-D753-4451-8EF5-19FE3BE5BFA6}.Release|x86.Build.0 = Release|iPhoneSimulator
		{568CBDDB-9BB5-45B8-83C9-87B2DDAAD44C}.Ad-Hoc|Any CPU.ActiveCfg = Debug|x64
		{568CBDDB-9BB5-45B8-83C9-87B2DDAAD44C}.Ad-Hoc|Any CPU.Build.0 = Debug|x64
		{568CBDDB-9BB5-45B8-83C9-87B2DDAAD44C}.Ad-Hoc|Any CPU.Deploy.0 = Debug|x64
		{568CBDDB-9BB5-45B8-83C9-87B2DDAAD44C}.Ad-Hoc|ARM.ActiveCfg = Debug|ARM
		{568CBDDB-9BB5-45B8-83C9-87B2DDAAD44C}.Ad-Hoc|ARM.Build.0 = Debug|ARM
		{568CBDDB-9BB5-45B8-83C9-87B2DDAAD44C}.Ad-Hoc|ARM.Deploy.0 = Debug|ARM
		{568CBDDB-9BB5-45B8-83C9-87B2DDAAD44C}.Ad-Hoc|ARM64.ActiveCfg = Debug|ARM64
		{568CBDDB-9BB5-45B8-83C9-87B2DDAAD44C}.Ad-Hoc|ARM64.Build.0 = Debug|ARM64
		{568CBDDB-9BB5-45B8-83C9-87B2DDAAD44C}.Ad-Hoc|ARM64.Deploy.0 = Debug|ARM64
		{568CBDDB-9BB5-45B8-83C9-87B2DDAAD44C}.Ad-Hoc|iPhone.ActiveCfg = Debug|x64
		{568CBDDB-9BB5-45B8-83C9-87B2DDAAD44C}.Ad-Hoc|iPhone.Build.0 = Debug|x64
		{568CBDDB-9BB5-45B8-83C9-87B2DDAAD44C}.Ad-Hoc|iPhone.Deploy.0 = Debug|x64
		{568CBDDB-9BB5-45B8-83C9-87B2DDAAD44C}.Ad-Hoc|iPhoneSimulator.ActiveCfg = Debug|x64
		{568CBDDB-9BB5-45B8-83C9-87B2DDAAD44C}.Ad-Hoc|iPhoneSimulator.Build.0 = Debug|x64
		{568CBDDB-9BB5-45B8-83C9-87B2DDAAD44C}.Ad-Hoc|iPhoneSimulator.Deploy.0 = Debug|x64
		{568CBDDB-9BB5-45B8-83C9-87B2DDAAD44C}.Ad-Hoc|x64.ActiveCfg = Debug|x64
		{568CBDDB-9BB5-45B8-83C9-87B2DDAAD44C}.Ad-Hoc|x64.Build.0 = Debug|x64
		{568CBDDB-9BB5-45B8-83C9-87B2DDAAD44C}.Ad-Hoc|x64.Deploy.0 = Debug|x64
		{568CBDDB-9BB5-45B8-83C9-87B2DDAAD44C}.Ad-Hoc|x86.ActiveCfg = Debug|x86
		{568CBDDB-9BB5-45B8-83C9-87B2DDAAD44C}.Ad-Hoc|x86.Build.0 = Debug|x86
		{568CBDDB-9BB5-45B8-83C9-87B2DDAAD44C}.Ad-Hoc|x86.Deploy.0 = Debug|x86
		{568CBDDB-9BB5-45B8-83C9-87B2DDAAD44C}.AppStore|Any CPU.ActiveCfg = Debug|x64
		{568CBDDB-9BB5-45B8-83C9-87B2DDAAD44C}.AppStore|Any CPU.Build.0 = Debug|x64
		{568CBDDB-9BB5-45B8-83C9-87B2DDAAD44C}.AppStore|Any CPU.Deploy.0 = Debug|x64
		{568CBDDB-9BB5-45B8-83C9-87B2DDAAD44C}.AppStore|ARM.ActiveCfg = Debug|ARM
		{568CBDDB-9BB5-45B8-83C9-87B2DDAAD44C}.AppStore|ARM.Build.0 = Debug|ARM
		{568CBDDB-9BB5-45B8-83C9-87B2DDAAD44C}.AppStore|ARM.Deploy.0 = Debug|ARM
		{568CBDDB-9BB5-45B8-83C9-87B2DDAAD44C}.AppStore|ARM64.ActiveCfg = Debug|ARM64
		{568CBDDB-9BB5-45B8-83C9-87B2DDAAD44C}.AppStore|ARM64.Build.0 = Debug|ARM64
		{568CBDDB-9BB5-45B8-83C9-87B2DDAAD44C}.AppStore|ARM64.Deploy.0 = Debug|ARM64
		{568CBDDB-9BB5-45B8-83C9-87B2DDAAD44C}.AppStore|iPhone.ActiveCfg = Debug|x64
		{568CBDDB-9BB5-45B8-83C9-87B2DDAAD44C}.AppStore|iPhone.Build.0 = Debug|x64
		{568CBDDB-9BB5-45B8-83C9-87B2DDAAD44C}.AppStore|iPhone.Deploy.0 = Debug|x64
		{568CBDDB-9BB5-45B8-83C9-87B2DDAAD44C}.AppStore|iPhoneSimulator.ActiveCfg = Debug|x64
		{568CBDDB-9BB5-45B8-83C9-87B2DDAAD44C}.AppStore|iPhoneSimulator.Build.0 = Debug|x64
		{568CBDDB-9BB5-45B8-83C9-87B2DDAAD44C}.AppStore|iPhoneSimulator.Deploy.0 = Debug|x64
		{568CBDDB-9BB5-45B8-83C9-87B2DDAAD44C}.AppStore|x64.ActiveCfg = Debug|x64
		{568CBDDB-9BB5-45B8-83C9-87B2DDAAD44C}.AppStore|x64.Build.0 = Debug|x64
		{568CBDDB-9BB5-45B8-83C9-87B2DDAAD44C}.AppStore|x64.Deploy.0 = Debug|x64
		{568CBDDB-9BB5-45B8-83C9-87B2DDAAD44C}.AppStore|x86.ActiveCfg = Debug|x86
		{568CBDDB-9BB5-45B8-83C9-87B2DDAAD44C}.AppStore|x86.Build.0 = Debug|x86
		{568CBDDB-9BB5-45B8-83C9-87B2DDAAD44C}.AppStore|x86.Deploy.0 = Debug|x86
		{568CBDDB-9BB5-45B8-83C9-87B2DDAAD44C}.Debug|Any CPU.ActiveCfg = Debug|x64
		{568CBDDB-9BB5-45B8-83C9-87B2DDAAD44C}.Debug|Any CPU.Build.0 = Debug|x64
		{568CBDDB-9BB5-45B8-83C9-87B2DDAAD44C}.Debug|Any CPU.Deploy.0 = Debug|x64
		{568CBDDB-9BB5-45B8-83C9-87B2DDAAD44C}.Debug|ARM.ActiveCfg = Debug|ARM
		{568CBDDB-9BB5-45B8-83C9-87B2DDAAD44C}.Debug|ARM.Build.0 = Debug|ARM
		{568CBDDB-9BB5-45B8-83C9-87B2DDAAD44C}.Debug|ARM.Deploy.0 = Debug|ARM
		{568CBDDB-9BB5-45B8-83C9-87B2DDAAD44C}.Debug|ARM64.ActiveCfg = Debug|ARM64
		{568CBDDB-9BB5-45B8-83C9-87B2DDAAD44C}.Debug|ARM64.Build.0 = Debug|ARM64
		{568CBDDB-9BB5-45B8-83C9-87B2DDAAD44C}.Debug|ARM64.Deploy.0 = Debug|ARM64
		{568CBDDB-9BB5-45B8-83C9-87B2DDAAD44C}.Debug|iPhone.ActiveCfg = Debug|x64
		{568CBDDB-9BB5-45B8-83C9-87B2DDAAD44C}.Debug|iPhone.Build.0 = Debug|x64
		{568CBDDB-9BB5-45B8-83C9-87B2DDAAD44C}.Debug|iPhone.Deploy.0 = Debug|x64
		{568CBDDB-9BB5-45B8-83C9-87B2DDAAD44C}.Debug|iPhoneSimulator.ActiveCfg = Debug|x64
		{568CBDDB-9BB5-45B8-83C9-87B2DDAAD44C}.Debug|iPhoneSimulator.Build.0 = Debug|x64
		{568CBDDB-9BB5-45B8-83C9-87B2DDAAD44C}.Debug|iPhoneSimulator.Deploy.0 = Debug|x64
		{568CBDDB-9BB5-45B8-83C9-87B2DDAAD44C}.Debug|x64.ActiveCfg = Debug|x64
		{568CBDDB-9BB5-45B8-83C9-87B2DDAAD44C}.Debug|x64.Build.0 = Debug|x64
		{568CBDDB-9BB5-45B8-83C9-87B2DDAAD44C}.Debug|x64.Deploy.0 = Debug|x64
		{568CBDDB-9BB5-45B8-83C9-87B2DDAAD44C}.Debug|x86.ActiveCfg = Debug|x86
		{568CBDDB-9BB5-45B8-83C9-87B2DDAAD44C}.Debug|x86.Build.0 = Debug|x86
		{568CBDDB-9BB5-45B8-83C9-87B2DDAAD44C}.Debug|x86.Deploy.0 = Debug|x86
		{568CBDDB-9BB5-45B8-83C9-87B2DDAAD44C}.Release|Any CPU.ActiveCfg = Release|x64
		{568CBDDB-9BB5-45B8-83C9-87B2DDAAD44C}.Release|Any CPU.Build.0 = Release|x64
		{568CBDDB-9BB5-45B8-83C9-87B2DDAAD44C}.Release|Any CPU.Deploy.0 = Release|x64
		{568CBDDB-9BB5-45B8-83C9-87B2DDAAD44C}.Release|ARM.ActiveCfg = Release|ARM
		{568CBDDB-9BB5-45B8-83C9-87B2DDAAD44C}.Release|ARM.Build.0 = Release|ARM
		{568CBDDB-9BB5-45B8-83C9-87B2DDAAD44C}.Release|ARM.Deploy.0 = Release|ARM
		{568CBDDB-9BB5-45B8-83C9-87B2DDAAD44C}.Release|ARM64.ActiveCfg = Release|ARM64
		{568CBDDB-9BB5-45B8-83C9-87B2DDAAD44C}.Release|ARM64.Build.0 = Release|ARM64
		{568CBDDB-9BB5-45B8-83C9-87B2DDAAD44C}.Release|ARM64.Deploy.0 = Release|ARM64
		{568CBDDB-9BB5-45B8-83C9-87B2DDAAD44C}.Release|iPhone.ActiveCfg = Release|x64
		{568CBDDB-9BB5-45B8-83C9-87B2DDAAD44C}.Release|iPhone.Build.0 = Release|x64
		{568CBDDB-9BB5-45B8-83C9-87B2DDAAD44C}.Release|iPhone.Deploy.0 = Release|x64
		{568CBDDB-9BB5-45B8-83C9-87B2DDAAD44C}.Release|iPhoneSimulator.ActiveCfg = Release|x64
		{568CBDDB-9BB5-45B8-83C9-87B2DDAAD44C}.Release|iPhoneSimulator.Build.0 = Release|x64
		{568CBDDB-9BB5-45B8-83C9-87B2DDAAD44C}.Release|iPhoneSimulator.Deploy.0 = Release|x64
		{568CBDDB-9BB5-45B8-83C9-87B2DDAAD44C}.Release|x64.ActiveCfg = Release|x64
		{568CBDDB-9BB5-45B8-83C9-87B2DDAAD44C}.Release|x64.Build.0 = Release|x64
		{568CBDDB-9BB5-45B8-83C9-87B2DDAAD44C}.Release|x64.Deploy.0 = Release|x64
		{568CBDDB-9BB5-45B8-83C9-87B2DDAAD44C}.Release|x86.ActiveCfg = Release|x86
		{568CBDDB-9BB5-45B8-83C9-87B2DDAAD44C}.Release|x86.Build.0 = Release|x86
		{568CBDDB-9BB5-45B8-83C9-87B2DDAAD44C}.Release|x86.Deploy.0 = Release|x86
		{9045181B-24EA-46E8-ABA8-39EE75592B6D}.Ad-Hoc|Any CPU.ActiveCfg = Debug|Any CPU
		{9045181B-24EA-46E8-ABA8-39EE75592B6D}.Ad-Hoc|Any CPU.Build.0 = Debug|Any CPU
		{9045181B-24EA-46E8-ABA8-39EE75592B6D}.Ad-Hoc|ARM.ActiveCfg = Debug|Any CPU
		{9045181B-24EA-46E8-ABA8-39EE75592B6D}.Ad-Hoc|ARM.Build.0 = Debug|Any CPU
		{9045181B-24EA-46E8-ABA8-39EE75592B6D}.Ad-Hoc|ARM64.ActiveCfg = Debug|Any CPU
		{9045181B-24EA-46E8-ABA8-39EE75592B6D}.Ad-Hoc|ARM64.Build.0 = Debug|Any CPU
		{9045181B-24EA-46E8-ABA8-39EE75592B6D}.Ad-Hoc|iPhone.ActiveCfg = Debug|Any CPU
		{9045181B-24EA-46E8-ABA8-39EE75592B6D}.Ad-Hoc|iPhone.Build.0 = Debug|Any CPU
		{9045181B-24EA-46E8-ABA8-39EE75592B6D}.Ad-Hoc|iPhoneSimulator.ActiveCfg = Debug|Any CPU
		{9045181B-24EA-46E8-ABA8-39EE75592B6D}.Ad-Hoc|iPhoneSimulator.Build.0 = Debug|Any CPU
		{9045181B-24EA-46E8-ABA8-39EE75592B6D}.Ad-Hoc|x64.ActiveCfg = Debug|Any CPU
		{9045181B-24EA-46E8-ABA8-39EE75592B6D}.Ad-Hoc|x64.Build.0 = Debug|Any CPU
		{9045181B-24EA-46E8-ABA8-39EE75592B6D}.Ad-Hoc|x86.ActiveCfg = Debug|Any CPU
		{9045181B-24EA-46E8-ABA8-39EE75592B6D}.Ad-Hoc|x86.Build.0 = Debug|Any CPU
		{9045181B-24EA-46E8-ABA8-39EE75592B6D}.AppStore|Any CPU.ActiveCfg = Debug|Any CPU
		{9045181B-24EA-46E8-ABA8-39EE75592B6D}.AppStore|Any CPU.Build.0 = Debug|Any CPU
		{9045181B-24EA-46E8-ABA8-39EE75592B6D}.AppStore|ARM.ActiveCfg = Debug|Any CPU
		{9045181B-24EA-46E8-ABA8-39EE75592B6D}.AppStore|ARM.Build.0 = Debug|Any CPU
		{9045181B-24EA-46E8-ABA8-39EE75592B6D}.AppStore|ARM64.ActiveCfg = Debug|Any CPU
		{9045181B-24EA-46E8-ABA8-39EE75592B6D}.AppStore|ARM64.Build.0 = Debug|Any CPU
		{9045181B-24EA-46E8-ABA8-39EE75592B6D}.AppStore|iPhone.ActiveCfg = Debug|Any CPU
		{9045181B-24EA-46E8-ABA8-39EE75592B6D}.AppStore|iPhone.Build.0 = Debug|Any CPU
		{9045181B-24EA-46E8-ABA8-39EE75592B6D}.AppStore|iPhoneSimulator.ActiveCfg = Debug|Any CPU
		{9045181B-24EA-46E8-ABA8-39EE75592B6D}.AppStore|iPhoneSimulator.Build.0 = Debug|Any CPU
		{9045181B-24EA-46E8-ABA8-39EE75592B6D}.AppStore|x64.ActiveCfg = Debug|Any CPU
		{9045181B-24EA-46E8-ABA8-39EE75592B6D}.AppStore|x64.Build.0 = Debug|Any CPU
		{9045181B-24EA-46E8-ABA8-39EE75592B6D}.AppStore|x86.ActiveCfg = Debug|Any CPU
		{9045181B-24EA-46E8-ABA8-39EE75592B6D}.AppStore|x86.Build.0 = Debug|Any CPU
		{9045181B-24EA-46E8-ABA8-39EE75592B6D}.Debug|Any CPU.ActiveCfg = Debug|Any CPU
		{9045181B-24EA-46E8-ABA8-39EE75592B6D}.Debug|Any CPU.Build.0 = Debug|Any CPU
		{9045181B-24EA-46E8-ABA8-39EE75592B6D}.Debug|ARM.ActiveCfg = Debug|Any CPU
		{9045181B-24EA-46E8-ABA8-39EE75592B6D}.Debug|ARM.Build.0 = Debug|Any CPU
		{9045181B-24EA-46E8-ABA8-39EE75592B6D}.Debug|ARM64.ActiveCfg = Debug|Any CPU
		{9045181B-24EA-46E8-ABA8-39EE75592B6D}.Debug|ARM64.Build.0 = Debug|Any CPU
		{9045181B-24EA-46E8-ABA8-39EE75592B6D}.Debug|iPhone.ActiveCfg = Debug|Any CPU
		{9045181B-24EA-46E8-ABA8-39EE75592B6D}.Debug|iPhone.Build.0 = Debug|Any CPU
		{9045181B-24EA-46E8-ABA8-39EE75592B6D}.Debug|iPhoneSimulator.ActiveCfg = Debug|Any CPU
		{9045181B-24EA-46E8-ABA8-39EE75592B6D}.Debug|iPhoneSimulator.Build.0 = Debug|Any CPU
		{9045181B-24EA-46E8-ABA8-39EE75592B6D}.Debug|x64.ActiveCfg = Debug|Any CPU
		{9045181B-24EA-46E8-ABA8-39EE75592B6D}.Debug|x64.Build.0 = Debug|Any CPU
		{9045181B-24EA-46E8-ABA8-39EE75592B6D}.Debug|x86.ActiveCfg = Debug|Any CPU
		{9045181B-24EA-46E8-ABA8-39EE75592B6D}.Debug|x86.Build.0 = Debug|Any CPU
		{9045181B-24EA-46E8-ABA8-39EE75592B6D}.Release|Any CPU.ActiveCfg = Release|Any CPU
		{9045181B-24EA-46E8-ABA8-39EE75592B6D}.Release|Any CPU.Build.0 = Release|Any CPU
		{9045181B-24EA-46E8-ABA8-39EE75592B6D}.Release|ARM.ActiveCfg = Release|Any CPU
		{9045181B-24EA-46E8-ABA8-39EE75592B6D}.Release|ARM.Build.0 = Release|Any CPU
		{9045181B-24EA-46E8-ABA8-39EE75592B6D}.Release|ARM64.ActiveCfg = Release|Any CPU
		{9045181B-24EA-46E8-ABA8-39EE75592B6D}.Release|ARM64.Build.0 = Release|Any CPU
		{9045181B-24EA-46E8-ABA8-39EE75592B6D}.Release|iPhone.ActiveCfg = Release|Any CPU
		{9045181B-24EA-46E8-ABA8-39EE75592B6D}.Release|iPhone.Build.0 = Release|Any CPU
		{9045181B-24EA-46E8-ABA8-39EE75592B6D}.Release|iPhoneSimulator.ActiveCfg = Release|Any CPU
		{9045181B-24EA-46E8-ABA8-39EE75592B6D}.Release|iPhoneSimulator.Build.0 = Release|Any CPU
		{9045181B-24EA-46E8-ABA8-39EE75592B6D}.Release|x64.ActiveCfg = Release|Any CPU
		{9045181B-24EA-46E8-ABA8-39EE75592B6D}.Release|x64.Build.0 = Release|Any CPU
		{9045181B-24EA-46E8-ABA8-39EE75592B6D}.Release|x86.ActiveCfg = Release|Any CPU
		{9045181B-24EA-46E8-ABA8-39EE75592B6D}.Release|x86.Build.0 = Release|Any CPU
		{36507CE4-A76E-4AE6-9A60-4F8F4A432A3F}.Ad-Hoc|Any CPU.ActiveCfg = Debug|iPhoneSimulator
		{36507CE4-A76E-4AE6-9A60-4F8F4A432A3F}.Ad-Hoc|Any CPU.Build.0 = Debug|iPhoneSimulator
		{36507CE4-A76E-4AE6-9A60-4F8F4A432A3F}.Ad-Hoc|ARM.ActiveCfg = Debug|iPhoneSimulator
		{36507CE4-A76E-4AE6-9A60-4F8F4A432A3F}.Ad-Hoc|ARM.Build.0 = Debug|iPhoneSimulator
		{36507CE4-A76E-4AE6-9A60-4F8F4A432A3F}.Ad-Hoc|ARM64.ActiveCfg = Debug|iPhoneSimulator
		{36507CE4-A76E-4AE6-9A60-4F8F4A432A3F}.Ad-Hoc|ARM64.Build.0 = Debug|iPhoneSimulator
		{36507CE4-A76E-4AE6-9A60-4F8F4A432A3F}.Ad-Hoc|iPhone.ActiveCfg = Debug|iPhoneSimulator
		{36507CE4-A76E-4AE6-9A60-4F8F4A432A3F}.Ad-Hoc|iPhone.Build.0 = Debug|iPhoneSimulator
		{36507CE4-A76E-4AE6-9A60-4F8F4A432A3F}.Ad-Hoc|iPhoneSimulator.ActiveCfg = Debug|iPhoneSimulator
		{36507CE4-A76E-4AE6-9A60-4F8F4A432A3F}.Ad-Hoc|iPhoneSimulator.Build.0 = Debug|iPhoneSimulator
		{36507CE4-A76E-4AE6-9A60-4F8F4A432A3F}.Ad-Hoc|x64.ActiveCfg = Debug|iPhoneSimulator
		{36507CE4-A76E-4AE6-9A60-4F8F4A432A3F}.Ad-Hoc|x64.Build.0 = Debug|iPhoneSimulator
		{36507CE4-A76E-4AE6-9A60-4F8F4A432A3F}.Ad-Hoc|x86.ActiveCfg = Debug|iPhoneSimulator
		{36507CE4-A76E-4AE6-9A60-4F8F4A432A3F}.Ad-Hoc|x86.Build.0 = Debug|iPhoneSimulator
		{36507CE4-A76E-4AE6-9A60-4F8F4A432A3F}.AppStore|Any CPU.ActiveCfg = Debug|iPhoneSimulator
		{36507CE4-A76E-4AE6-9A60-4F8F4A432A3F}.AppStore|Any CPU.Build.0 = Debug|iPhoneSimulator
		{36507CE4-A76E-4AE6-9A60-4F8F4A432A3F}.AppStore|ARM.ActiveCfg = Debug|iPhoneSimulator
		{36507CE4-A76E-4AE6-9A60-4F8F4A432A3F}.AppStore|ARM.Build.0 = Debug|iPhoneSimulator
		{36507CE4-A76E-4AE6-9A60-4F8F4A432A3F}.AppStore|ARM64.ActiveCfg = Debug|iPhoneSimulator
		{36507CE4-A76E-4AE6-9A60-4F8F4A432A3F}.AppStore|ARM64.Build.0 = Debug|iPhoneSimulator
		{36507CE4-A76E-4AE6-9A60-4F8F4A432A3F}.AppStore|iPhone.ActiveCfg = Debug|iPhoneSimulator
		{36507CE4-A76E-4AE6-9A60-4F8F4A432A3F}.AppStore|iPhone.Build.0 = Debug|iPhoneSimulator
		{36507CE4-A76E-4AE6-9A60-4F8F4A432A3F}.AppStore|iPhoneSimulator.ActiveCfg = Debug|iPhoneSimulator
		{36507CE4-A76E-4AE6-9A60-4F8F4A432A3F}.AppStore|iPhoneSimulator.Build.0 = Debug|iPhoneSimulator
		{36507CE4-A76E-4AE6-9A60-4F8F4A432A3F}.AppStore|x64.ActiveCfg = Debug|iPhoneSimulator
		{36507CE4-A76E-4AE6-9A60-4F8F4A432A3F}.AppStore|x64.Build.0 = Debug|iPhoneSimulator
		{36507CE4-A76E-4AE6-9A60-4F8F4A432A3F}.AppStore|x86.ActiveCfg = Debug|iPhoneSimulator
		{36507CE4-A76E-4AE6-9A60-4F8F4A432A3F}.AppStore|x86.Build.0 = Debug|iPhoneSimulator
		{36507CE4-A76E-4AE6-9A60-4F8F4A432A3F}.Debug|Any CPU.ActiveCfg = Debug|iPhoneSimulator
		{36507CE4-A76E-4AE6-9A60-4F8F4A432A3F}.Debug|Any CPU.Build.0 = Debug|iPhoneSimulator
		{36507CE4-A76E-4AE6-9A60-4F8F4A432A3F}.Debug|ARM.ActiveCfg = Debug|iPhoneSimulator
		{36507CE4-A76E-4AE6-9A60-4F8F4A432A3F}.Debug|ARM.Build.0 = Debug|iPhoneSimulator
		{36507CE4-A76E-4AE6-9A60-4F8F4A432A3F}.Debug|ARM64.ActiveCfg = Debug|iPhoneSimulator
		{36507CE4-A76E-4AE6-9A60-4F8F4A432A3F}.Debug|ARM64.Build.0 = Debug|iPhoneSimulator
		{36507CE4-A76E-4AE6-9A60-4F8F4A432A3F}.Debug|iPhone.ActiveCfg = Debug|iPhoneSimulator
		{36507CE4-A76E-4AE6-9A60-4F8F4A432A3F}.Debug|iPhone.Build.0 = Debug|iPhoneSimulator
		{36507CE4-A76E-4AE6-9A60-4F8F4A432A3F}.Debug|iPhoneSimulator.ActiveCfg = Debug|iPhoneSimulator
		{36507CE4-A76E-4AE6-9A60-4F8F4A432A3F}.Debug|iPhoneSimulator.Build.0 = Debug|iPhoneSimulator
		{36507CE4-A76E-4AE6-9A60-4F8F4A432A3F}.Debug|x64.ActiveCfg = Debug|iPhoneSimulator
		{36507CE4-A76E-4AE6-9A60-4F8F4A432A3F}.Debug|x64.Build.0 = Debug|iPhoneSimulator
		{36507CE4-A76E-4AE6-9A60-4F8F4A432A3F}.Debug|x86.ActiveCfg = Debug|iPhoneSimulator
		{36507CE4-A76E-4AE6-9A60-4F8F4A432A3F}.Debug|x86.Build.0 = Debug|iPhoneSimulator
		{36507CE4-A76E-4AE6-9A60-4F8F4A432A3F}.Release|Any CPU.ActiveCfg = Release|iPhoneSimulator
		{36507CE4-A76E-4AE6-9A60-4F8F4A432A3F}.Release|Any CPU.Build.0 = Release|iPhoneSimulator
		{36507CE4-A76E-4AE6-9A60-4F8F4A432A3F}.Release|ARM.ActiveCfg = Release|iPhoneSimulator
		{36507CE4-A76E-4AE6-9A60-4F8F4A432A3F}.Release|ARM.Build.0 = Release|iPhoneSimulator
		{36507CE4-A76E-4AE6-9A60-4F8F4A432A3F}.Release|ARM64.ActiveCfg = Release|iPhoneSimulator
		{36507CE4-A76E-4AE6-9A60-4F8F4A432A3F}.Release|ARM64.Build.0 = Release|iPhoneSimulator
		{36507CE4-A76E-4AE6-9A60-4F8F4A432A3F}.Release|iPhone.ActiveCfg = Release|iPhoneSimulator
		{36507CE4-A76E-4AE6-9A60-4F8F4A432A3F}.Release|iPhone.Build.0 = Release|iPhoneSimulator
		{36507CE4-A76E-4AE6-9A60-4F8F4A432A3F}.Release|iPhoneSimulator.ActiveCfg = Release|iPhoneSimulator
		{36507CE4-A76E-4AE6-9A60-4F8F4A432A3F}.Release|iPhoneSimulator.Build.0 = Release|iPhoneSimulator
		{36507CE4-A76E-4AE6-9A60-4F8F4A432A3F}.Release|x64.ActiveCfg = Release|iPhoneSimulator
		{36507CE4-A76E-4AE6-9A60-4F8F4A432A3F}.Release|x64.Build.0 = Release|iPhoneSimulator
		{36507CE4-A76E-4AE6-9A60-4F8F4A432A3F}.Release|x86.ActiveCfg = Release|iPhoneSimulator
		{36507CE4-A76E-4AE6-9A60-4F8F4A432A3F}.Release|x86.Build.0 = Release|iPhoneSimulator
		{C4ECFE42-25AB-4226-8CB3-597BADAF25B6}.Ad-Hoc|Any CPU.ActiveCfg = Debug|Any CPU
		{C4ECFE42-25AB-4226-8CB3-597BADAF25B6}.Ad-Hoc|Any CPU.Build.0 = Debug|Any CPU
		{C4ECFE42-25AB-4226-8CB3-597BADAF25B6}.Ad-Hoc|ARM.ActiveCfg = Debug|Any CPU
		{C4ECFE42-25AB-4226-8CB3-597BADAF25B6}.Ad-Hoc|ARM.Build.0 = Debug|Any CPU
		{C4ECFE42-25AB-4226-8CB3-597BADAF25B6}.Ad-Hoc|ARM64.ActiveCfg = Debug|Any CPU
		{C4ECFE42-25AB-4226-8CB3-597BADAF25B6}.Ad-Hoc|ARM64.Build.0 = Debug|Any CPU
		{C4ECFE42-25AB-4226-8CB3-597BADAF25B6}.Ad-Hoc|iPhone.ActiveCfg = Debug|Any CPU
		{C4ECFE42-25AB-4226-8CB3-597BADAF25B6}.Ad-Hoc|iPhone.Build.0 = Debug|Any CPU
		{C4ECFE42-25AB-4226-8CB3-597BADAF25B6}.Ad-Hoc|iPhoneSimulator.ActiveCfg = Debug|Any CPU
		{C4ECFE42-25AB-4226-8CB3-597BADAF25B6}.Ad-Hoc|iPhoneSimulator.Build.0 = Debug|Any CPU
		{C4ECFE42-25AB-4226-8CB3-597BADAF25B6}.Ad-Hoc|x64.ActiveCfg = Debug|Any CPU
		{C4ECFE42-25AB-4226-8CB3-597BADAF25B6}.Ad-Hoc|x64.Build.0 = Debug|Any CPU
		{C4ECFE42-25AB-4226-8CB3-597BADAF25B6}.Ad-Hoc|x86.ActiveCfg = Debug|Any CPU
		{C4ECFE42-25AB-4226-8CB3-597BADAF25B6}.Ad-Hoc|x86.Build.0 = Debug|Any CPU
		{C4ECFE42-25AB-4226-8CB3-597BADAF25B6}.AppStore|Any CPU.ActiveCfg = Debug|Any CPU
		{C4ECFE42-25AB-4226-8CB3-597BADAF25B6}.AppStore|Any CPU.Build.0 = Debug|Any CPU
		{C4ECFE42-25AB-4226-8CB3-597BADAF25B6}.AppStore|ARM.ActiveCfg = Debug|Any CPU
		{C4ECFE42-25AB-4226-8CB3-597BADAF25B6}.AppStore|ARM.Build.0 = Debug|Any CPU
		{C4ECFE42-25AB-4226-8CB3-597BADAF25B6}.AppStore|ARM64.ActiveCfg = Debug|Any CPU
		{C4ECFE42-25AB-4226-8CB3-597BADAF25B6}.AppStore|ARM64.Build.0 = Debug|Any CPU
		{C4ECFE42-25AB-4226-8CB3-597BADAF25B6}.AppStore|iPhone.ActiveCfg = Debug|Any CPU
		{C4ECFE42-25AB-4226-8CB3-597BADAF25B6}.AppStore|iPhone.Build.0 = Debug|Any CPU
		{C4ECFE42-25AB-4226-8CB3-597BADAF25B6}.AppStore|iPhoneSimulator.ActiveCfg = Debug|Any CPU
		{C4ECFE42-25AB-4226-8CB3-597BADAF25B6}.AppStore|iPhoneSimulator.Build.0 = Debug|Any CPU
		{C4ECFE42-25AB-4226-8CB3-597BADAF25B6}.AppStore|x64.ActiveCfg = Debug|Any CPU
		{C4ECFE42-25AB-4226-8CB3-597BADAF25B6}.AppStore|x64.Build.0 = Debug|Any CPU
		{C4ECFE42-25AB-4226-8CB3-597BADAF25B6}.AppStore|x86.ActiveCfg = Debug|Any CPU
		{C4ECFE42-25AB-4226-8CB3-597BADAF25B6}.AppStore|x86.Build.0 = Debug|Any CPU
		{C4ECFE42-25AB-4226-8CB3-597BADAF25B6}.Debug|Any CPU.ActiveCfg = Debug|Any CPU
		{C4ECFE42-25AB-4226-8CB3-597BADAF25B6}.Debug|Any CPU.Build.0 = Debug|Any CPU
		{C4ECFE42-25AB-4226-8CB3-597BADAF25B6}.Debug|ARM.ActiveCfg = Debug|Any CPU
		{C4ECFE42-25AB-4226-8CB3-597BADAF25B6}.Debug|ARM.Build.0 = Debug|Any CPU
		{C4ECFE42-25AB-4226-8CB3-597BADAF25B6}.Debug|ARM64.ActiveCfg = Debug|Any CPU
		{C4ECFE42-25AB-4226-8CB3-597BADAF25B6}.Debug|ARM64.Build.0 = Debug|Any CPU
		{C4ECFE42-25AB-4226-8CB3-597BADAF25B6}.Debug|iPhone.ActiveCfg = Debug|Any CPU
		{C4ECFE42-25AB-4226-8CB3-597BADAF25B6}.Debug|iPhone.Build.0 = Debug|Any CPU
		{C4ECFE42-25AB-4226-8CB3-597BADAF25B6}.Debug|iPhoneSimulator.ActiveCfg = Debug|Any CPU
		{C4ECFE42-25AB-4226-8CB3-597BADAF25B6}.Debug|iPhoneSimulator.Build.0 = Debug|Any CPU
		{C4ECFE42-25AB-4226-8CB3-597BADAF25B6}.Debug|x64.ActiveCfg = Debug|Any CPU
		{C4ECFE42-25AB-4226-8CB3-597BADAF25B6}.Debug|x64.Build.0 = Debug|Any CPU
		{C4ECFE42-25AB-4226-8CB3-597BADAF25B6}.Debug|x86.ActiveCfg = Debug|Any CPU
		{C4ECFE42-25AB-4226-8CB3-597BADAF25B6}.Debug|x86.Build.0 = Debug|Any CPU
		{C4ECFE42-25AB-4226-8CB3-597BADAF25B6}.Release|Any CPU.ActiveCfg = Release|Any CPU
		{C4ECFE42-25AB-4226-8CB3-597BADAF25B6}.Release|Any CPU.Build.0 = Release|Any CPU
		{C4ECFE42-25AB-4226-8CB3-597BADAF25B6}.Release|ARM.ActiveCfg = Release|Any CPU
		{C4ECFE42-25AB-4226-8CB3-597BADAF25B6}.Release|ARM.Build.0 = Release|Any CPU
		{C4ECFE42-25AB-4226-8CB3-597BADAF25B6}.Release|ARM64.ActiveCfg = Release|Any CPU
		{C4ECFE42-25AB-4226-8CB3-597BADAF25B6}.Release|ARM64.Build.0 = Release|Any CPU
		{C4ECFE42-25AB-4226-8CB3-597BADAF25B6}.Release|iPhone.ActiveCfg = Release|Any CPU
		{C4ECFE42-25AB-4226-8CB3-597BADAF25B6}.Release|iPhone.Build.0 = Release|Any CPU
		{C4ECFE42-25AB-4226-8CB3-597BADAF25B6}.Release|iPhoneSimulator.ActiveCfg = Release|Any CPU
		{C4ECFE42-25AB-4226-8CB3-597BADAF25B6}.Release|iPhoneSimulator.Build.0 = Release|Any CPU
		{C4ECFE42-25AB-4226-8CB3-597BADAF25B6}.Release|x64.ActiveCfg = Release|Any CPU
		{C4ECFE42-25AB-4226-8CB3-597BADAF25B6}.Release|x64.Build.0 = Release|Any CPU
		{C4ECFE42-25AB-4226-8CB3-597BADAF25B6}.Release|x86.ActiveCfg = Release|Any CPU
		{C4ECFE42-25AB-4226-8CB3-597BADAF25B6}.Release|x86.Build.0 = Release|Any CPU
		{4252E4CC-6A77-4219-88FC-55013980B837}.Ad-Hoc|Any CPU.ActiveCfg = Debug|Any CPU
		{4252E4CC-6A77-4219-88FC-55013980B837}.Ad-Hoc|Any CPU.Build.0 = Debug|Any CPU
		{4252E4CC-6A77-4219-88FC-55013980B837}.Ad-Hoc|ARM.ActiveCfg = Debug|Any CPU
		{4252E4CC-6A77-4219-88FC-55013980B837}.Ad-Hoc|ARM.Build.0 = Debug|Any CPU
		{4252E4CC-6A77-4219-88FC-55013980B837}.Ad-Hoc|ARM64.ActiveCfg = Debug|Any CPU
		{4252E4CC-6A77-4219-88FC-55013980B837}.Ad-Hoc|ARM64.Build.0 = Debug|Any CPU
		{4252E4CC-6A77-4219-88FC-55013980B837}.Ad-Hoc|iPhone.ActiveCfg = Debug|Any CPU
		{4252E4CC-6A77-4219-88FC-55013980B837}.Ad-Hoc|iPhone.Build.0 = Debug|Any CPU
		{4252E4CC-6A77-4219-88FC-55013980B837}.Ad-Hoc|iPhoneSimulator.ActiveCfg = Debug|Any CPU
		{4252E4CC-6A77-4219-88FC-55013980B837}.Ad-Hoc|iPhoneSimulator.Build.0 = Debug|Any CPU
		{4252E4CC-6A77-4219-88FC-55013980B837}.Ad-Hoc|x64.ActiveCfg = Debug|Any CPU
		{4252E4CC-6A77-4219-88FC-55013980B837}.Ad-Hoc|x64.Build.0 = Debug|Any CPU
		{4252E4CC-6A77-4219-88FC-55013980B837}.Ad-Hoc|x86.ActiveCfg = Debug|Any CPU
		{4252E4CC-6A77-4219-88FC-55013980B837}.Ad-Hoc|x86.Build.0 = Debug|Any CPU
		{4252E4CC-6A77-4219-88FC-55013980B837}.AppStore|Any CPU.ActiveCfg = Debug|Any CPU
		{4252E4CC-6A77-4219-88FC-55013980B837}.AppStore|Any CPU.Build.0 = Debug|Any CPU
		{4252E4CC-6A77-4219-88FC-55013980B837}.AppStore|ARM.ActiveCfg = Debug|Any CPU
		{4252E4CC-6A77-4219-88FC-55013980B837}.AppStore|ARM.Build.0 = Debug|Any CPU
		{4252E4CC-6A77-4219-88FC-55013980B837}.AppStore|ARM64.ActiveCfg = Debug|Any CPU
		{4252E4CC-6A77-4219-88FC-55013980B837}.AppStore|ARM64.Build.0 = Debug|Any CPU
		{4252E4CC-6A77-4219-88FC-55013980B837}.AppStore|iPhone.ActiveCfg = Debug|Any CPU
		{4252E4CC-6A77-4219-88FC-55013980B837}.AppStore|iPhone.Build.0 = Debug|Any CPU
		{4252E4CC-6A77-4219-88FC-55013980B837}.AppStore|iPhoneSimulator.ActiveCfg = Debug|Any CPU
		{4252E4CC-6A77-4219-88FC-55013980B837}.AppStore|iPhoneSimulator.Build.0 = Debug|Any CPU
		{4252E4CC-6A77-4219-88FC-55013980B837}.AppStore|x64.ActiveCfg = Debug|Any CPU
		{4252E4CC-6A77-4219-88FC-55013980B837}.AppStore|x64.Build.0 = Debug|Any CPU
		{4252E4CC-6A77-4219-88FC-55013980B837}.AppStore|x86.ActiveCfg = Debug|Any CPU
		{4252E4CC-6A77-4219-88FC-55013980B837}.AppStore|x86.Build.0 = Debug|Any CPU
		{4252E4CC-6A77-4219-88FC-55013980B837}.Debug|Any CPU.ActiveCfg = Debug|Any CPU
		{4252E4CC-6A77-4219-88FC-55013980B837}.Debug|Any CPU.Build.0 = Debug|Any CPU
		{4252E4CC-6A77-4219-88FC-55013980B837}.Debug|ARM.ActiveCfg = Debug|Any CPU
		{4252E4CC-6A77-4219-88FC-55013980B837}.Debug|ARM.Build.0 = Debug|Any CPU
		{4252E4CC-6A77-4219-88FC-55013980B837}.Debug|ARM64.ActiveCfg = Debug|Any CPU
		{4252E4CC-6A77-4219-88FC-55013980B837}.Debug|ARM64.Build.0 = Debug|Any CPU
		{4252E4CC-6A77-4219-88FC-55013980B837}.Debug|iPhone.ActiveCfg = Debug|Any CPU
		{4252E4CC-6A77-4219-88FC-55013980B837}.Debug|iPhone.Build.0 = Debug|Any CPU
		{4252E4CC-6A77-4219-88FC-55013980B837}.Debug|iPhoneSimulator.ActiveCfg = Debug|Any CPU
		{4252E4CC-6A77-4219-88FC-55013980B837}.Debug|iPhoneSimulator.Build.0 = Debug|Any CPU
		{4252E4CC-6A77-4219-88FC-55013980B837}.Debug|x64.ActiveCfg = Debug|Any CPU
		{4252E4CC-6A77-4219-88FC-55013980B837}.Debug|x64.Build.0 = Debug|Any CPU
		{4252E4CC-6A77-4219-88FC-55013980B837}.Debug|x86.ActiveCfg = Debug|Any CPU
		{4252E4CC-6A77-4219-88FC-55013980B837}.Debug|x86.Build.0 = Debug|Any CPU
		{4252E4CC-6A77-4219-88FC-55013980B837}.Release|Any CPU.ActiveCfg = Release|Any CPU
		{4252E4CC-6A77-4219-88FC-55013980B837}.Release|Any CPU.Build.0 = Release|Any CPU
		{4252E4CC-6A77-4219-88FC-55013980B837}.Release|ARM.ActiveCfg = Release|Any CPU
		{4252E4CC-6A77-4219-88FC-55013980B837}.Release|ARM.Build.0 = Release|Any CPU
		{4252E4CC-6A77-4219-88FC-55013980B837}.Release|ARM64.ActiveCfg = Release|Any CPU
		{4252E4CC-6A77-4219-88FC-55013980B837}.Release|ARM64.Build.0 = Release|Any CPU
		{4252E4CC-6A77-4219-88FC-55013980B837}.Release|iPhone.ActiveCfg = Release|Any CPU
		{4252E4CC-6A77-4219-88FC-55013980B837}.Release|iPhone.Build.0 = Release|Any CPU
		{4252E4CC-6A77-4219-88FC-55013980B837}.Release|iPhoneSimulator.ActiveCfg = Release|Any CPU
		{4252E4CC-6A77-4219-88FC-55013980B837}.Release|iPhoneSimulator.Build.0 = Release|Any CPU
		{4252E4CC-6A77-4219-88FC-55013980B837}.Release|x64.ActiveCfg = Release|Any CPU
		{4252E4CC-6A77-4219-88FC-55013980B837}.Release|x64.Build.0 = Release|Any CPU
		{4252E4CC-6A77-4219-88FC-55013980B837}.Release|x86.ActiveCfg = Release|Any CPU
		{4252E4CC-6A77-4219-88FC-55013980B837}.Release|x86.Build.0 = Release|Any CPU
		{AB0A0D46-1417-425B-A365-A6F9E17906BA}.Ad-Hoc|Any CPU.ActiveCfg = Debug|Any CPU
		{AB0A0D46-1417-425B-A365-A6F9E17906BA}.Ad-Hoc|Any CPU.Build.0 = Debug|Any CPU
		{AB0A0D46-1417-425B-A365-A6F9E17906BA}.Ad-Hoc|ARM.ActiveCfg = Debug|Any CPU
		{AB0A0D46-1417-425B-A365-A6F9E17906BA}.Ad-Hoc|ARM.Build.0 = Debug|Any CPU
		{AB0A0D46-1417-425B-A365-A6F9E17906BA}.Ad-Hoc|ARM64.ActiveCfg = Debug|Any CPU
		{AB0A0D46-1417-425B-A365-A6F9E17906BA}.Ad-Hoc|ARM64.Build.0 = Debug|Any CPU
		{AB0A0D46-1417-425B-A365-A6F9E17906BA}.Ad-Hoc|iPhone.ActiveCfg = Debug|Any CPU
		{AB0A0D46-1417-425B-A365-A6F9E17906BA}.Ad-Hoc|iPhone.Build.0 = Debug|Any CPU
		{AB0A0D46-1417-425B-A365-A6F9E17906BA}.Ad-Hoc|iPhoneSimulator.ActiveCfg = Debug|Any CPU
		{AB0A0D46-1417-425B-A365-A6F9E17906BA}.Ad-Hoc|iPhoneSimulator.Build.0 = Debug|Any CPU
		{AB0A0D46-1417-425B-A365-A6F9E17906BA}.Ad-Hoc|x64.ActiveCfg = Debug|Any CPU
		{AB0A0D46-1417-425B-A365-A6F9E17906BA}.Ad-Hoc|x64.Build.0 = Debug|Any CPU
		{AB0A0D46-1417-425B-A365-A6F9E17906BA}.Ad-Hoc|x86.ActiveCfg = Debug|Any CPU
		{AB0A0D46-1417-425B-A365-A6F9E17906BA}.Ad-Hoc|x86.Build.0 = Debug|Any CPU
		{AB0A0D46-1417-425B-A365-A6F9E17906BA}.AppStore|Any CPU.ActiveCfg = Debug|Any CPU
		{AB0A0D46-1417-425B-A365-A6F9E17906BA}.AppStore|Any CPU.Build.0 = Debug|Any CPU
		{AB0A0D46-1417-425B-A365-A6F9E17906BA}.AppStore|ARM.ActiveCfg = Debug|Any CPU
		{AB0A0D46-1417-425B-A365-A6F9E17906BA}.AppStore|ARM.Build.0 = Debug|Any CPU
		{AB0A0D46-1417-425B-A365-A6F9E17906BA}.AppStore|ARM64.ActiveCfg = Debug|Any CPU
		{AB0A0D46-1417-425B-A365-A6F9E17906BA}.AppStore|ARM64.Build.0 = Debug|Any CPU
		{AB0A0D46-1417-425B-A365-A6F9E17906BA}.AppStore|iPhone.ActiveCfg = Debug|Any CPU
		{AB0A0D46-1417-425B-A365-A6F9E17906BA}.AppStore|iPhone.Build.0 = Debug|Any CPU
		{AB0A0D46-1417-425B-A365-A6F9E17906BA}.AppStore|iPhoneSimulator.ActiveCfg = Debug|Any CPU
		{AB0A0D46-1417-425B-A365-A6F9E17906BA}.AppStore|iPhoneSimulator.Build.0 = Debug|Any CPU
		{AB0A0D46-1417-425B-A365-A6F9E17906BA}.AppStore|x64.ActiveCfg = Debug|Any CPU
		{AB0A0D46-1417-425B-A365-A6F9E17906BA}.AppStore|x64.Build.0 = Debug|Any CPU
		{AB0A0D46-1417-425B-A365-A6F9E17906BA}.AppStore|x86.ActiveCfg = Debug|Any CPU
		{AB0A0D46-1417-425B-A365-A6F9E17906BA}.AppStore|x86.Build.0 = Debug|Any CPU
		{AB0A0D46-1417-425B-A365-A6F9E17906BA}.Debug|Any CPU.ActiveCfg = Debug|Any CPU
		{AB0A0D46-1417-425B-A365-A6F9E17906BA}.Debug|Any CPU.Build.0 = Debug|Any CPU
		{AB0A0D46-1417-425B-A365-A6F9E17906BA}.Debug|ARM.ActiveCfg = Debug|Any CPU
		{AB0A0D46-1417-425B-A365-A6F9E17906BA}.Debug|ARM.Build.0 = Debug|Any CPU
		{AB0A0D46-1417-425B-A365-A6F9E17906BA}.Debug|ARM64.ActiveCfg = Debug|Any CPU
		{AB0A0D46-1417-425B-A365-A6F9E17906BA}.Debug|ARM64.Build.0 = Debug|Any CPU
		{AB0A0D46-1417-425B-A365-A6F9E17906BA}.Debug|iPhone.ActiveCfg = Debug|Any CPU
		{AB0A0D46-1417-425B-A365-A6F9E17906BA}.Debug|iPhone.Build.0 = Debug|Any CPU
		{AB0A0D46-1417-425B-A365-A6F9E17906BA}.Debug|iPhoneSimulator.ActiveCfg = Debug|Any CPU
		{AB0A0D46-1417-425B-A365-A6F9E17906BA}.Debug|iPhoneSimulator.Build.0 = Debug|Any CPU
		{AB0A0D46-1417-425B-A365-A6F9E17906BA}.Debug|x64.ActiveCfg = Debug|Any CPU
		{AB0A0D46-1417-425B-A365-A6F9E17906BA}.Debug|x64.Build.0 = Debug|Any CPU
		{AB0A0D46-1417-425B-A365-A6F9E17906BA}.Debug|x86.ActiveCfg = Debug|Any CPU
		{AB0A0D46-1417-425B-A365-A6F9E17906BA}.Debug|x86.Build.0 = Debug|Any CPU
		{AB0A0D46-1417-425B-A365-A6F9E17906BA}.Release|Any CPU.ActiveCfg = Release|Any CPU
		{AB0A0D46-1417-425B-A365-A6F9E17906BA}.Release|Any CPU.Build.0 = Release|Any CPU
		{AB0A0D46-1417-425B-A365-A6F9E17906BA}.Release|ARM.ActiveCfg = Release|Any CPU
		{AB0A0D46-1417-425B-A365-A6F9E17906BA}.Release|ARM.Build.0 = Release|Any CPU
		{AB0A0D46-1417-425B-A365-A6F9E17906BA}.Release|ARM64.ActiveCfg = Release|Any CPU
		{AB0A0D46-1417-425B-A365-A6F9E17906BA}.Release|ARM64.Build.0 = Release|Any CPU
		{AB0A0D46-1417-425B-A365-A6F9E17906BA}.Release|iPhone.ActiveCfg = Release|Any CPU
		{AB0A0D46-1417-425B-A365-A6F9E17906BA}.Release|iPhone.Build.0 = Release|Any CPU
		{AB0A0D46-1417-425B-A365-A6F9E17906BA}.Release|iPhoneSimulator.ActiveCfg = Release|Any CPU
		{AB0A0D46-1417-425B-A365-A6F9E17906BA}.Release|iPhoneSimulator.Build.0 = Release|Any CPU
		{AB0A0D46-1417-425B-A365-A6F9E17906BA}.Release|x64.ActiveCfg = Release|Any CPU
		{AB0A0D46-1417-425B-A365-A6F9E17906BA}.Release|x64.Build.0 = Release|Any CPU
		{AB0A0D46-1417-425B-A365-A6F9E17906BA}.Release|x86.ActiveCfg = Release|Any CPU
		{AB0A0D46-1417-425B-A365-A6F9E17906BA}.Release|x86.Build.0 = Release|Any CPU
		{A3315F61-CB83-42AA-A48A-352D0BEE2656}.Ad-Hoc|Any CPU.ActiveCfg = Debug|Any CPU
		{A3315F61-CB83-42AA-A48A-352D0BEE2656}.Ad-Hoc|Any CPU.Build.0 = Debug|Any CPU
		{A3315F61-CB83-42AA-A48A-352D0BEE2656}.Ad-Hoc|ARM.ActiveCfg = Debug|Any CPU
		{A3315F61-CB83-42AA-A48A-352D0BEE2656}.Ad-Hoc|ARM.Build.0 = Debug|Any CPU
		{A3315F61-CB83-42AA-A48A-352D0BEE2656}.Ad-Hoc|ARM64.ActiveCfg = Debug|Any CPU
		{A3315F61-CB83-42AA-A48A-352D0BEE2656}.Ad-Hoc|ARM64.Build.0 = Debug|Any CPU
		{A3315F61-CB83-42AA-A48A-352D0BEE2656}.Ad-Hoc|iPhone.ActiveCfg = Debug|Any CPU
		{A3315F61-CB83-42AA-A48A-352D0BEE2656}.Ad-Hoc|iPhone.Build.0 = Debug|Any CPU
		{A3315F61-CB83-42AA-A48A-352D0BEE2656}.Ad-Hoc|iPhoneSimulator.ActiveCfg = Debug|Any CPU
		{A3315F61-CB83-42AA-A48A-352D0BEE2656}.Ad-Hoc|iPhoneSimulator.Build.0 = Debug|Any CPU
		{A3315F61-CB83-42AA-A48A-352D0BEE2656}.Ad-Hoc|x64.ActiveCfg = Debug|Any CPU
		{A3315F61-CB83-42AA-A48A-352D0BEE2656}.Ad-Hoc|x64.Build.0 = Debug|Any CPU
		{A3315F61-CB83-42AA-A48A-352D0BEE2656}.Ad-Hoc|x86.ActiveCfg = Debug|Any CPU
		{A3315F61-CB83-42AA-A48A-352D0BEE2656}.Ad-Hoc|x86.Build.0 = Debug|Any CPU
		{A3315F61-CB83-42AA-A48A-352D0BEE2656}.AppStore|Any CPU.ActiveCfg = Debug|Any CPU
		{A3315F61-CB83-42AA-A48A-352D0BEE2656}.AppStore|Any CPU.Build.0 = Debug|Any CPU
		{A3315F61-CB83-42AA-A48A-352D0BEE2656}.AppStore|ARM.ActiveCfg = Debug|Any CPU
		{A3315F61-CB83-42AA-A48A-352D0BEE2656}.AppStore|ARM.Build.0 = Debug|Any CPU
		{A3315F61-CB83-42AA-A48A-352D0BEE2656}.AppStore|ARM64.ActiveCfg = Debug|Any CPU
		{A3315F61-CB83-42AA-A48A-352D0BEE2656}.AppStore|ARM64.Build.0 = Debug|Any CPU
		{A3315F61-CB83-42AA-A48A-352D0BEE2656}.AppStore|iPhone.ActiveCfg = Debug|Any CPU
		{A3315F61-CB83-42AA-A48A-352D0BEE2656}.AppStore|iPhone.Build.0 = Debug|Any CPU
		{A3315F61-CB83-42AA-A48A-352D0BEE2656}.AppStore|iPhoneSimulator.ActiveCfg = Debug|Any CPU
		{A3315F61-CB83-42AA-A48A-352D0BEE2656}.AppStore|iPhoneSimulator.Build.0 = Debug|Any CPU
		{A3315F61-CB83-42AA-A48A-352D0BEE2656}.AppStore|x64.ActiveCfg = Debug|Any CPU
		{A3315F61-CB83-42AA-A48A-352D0BEE2656}.AppStore|x64.Build.0 = Debug|Any CPU
		{A3315F61-CB83-42AA-A48A-352D0BEE2656}.AppStore|x86.ActiveCfg = Debug|Any CPU
		{A3315F61-CB83-42AA-A48A-352D0BEE2656}.AppStore|x86.Build.0 = Debug|Any CPU
		{A3315F61-CB83-42AA-A48A-352D0BEE2656}.Debug|Any CPU.ActiveCfg = Debug|Any CPU
		{A3315F61-CB83-42AA-A48A-352D0BEE2656}.Debug|Any CPU.Build.0 = Debug|Any CPU
		{A3315F61-CB83-42AA-A48A-352D0BEE2656}.Debug|ARM.ActiveCfg = Debug|Any CPU
		{A3315F61-CB83-42AA-A48A-352D0BEE2656}.Debug|ARM.Build.0 = Debug|Any CPU
		{A3315F61-CB83-42AA-A48A-352D0BEE2656}.Debug|ARM64.ActiveCfg = Debug|Any CPU
		{A3315F61-CB83-42AA-A48A-352D0BEE2656}.Debug|ARM64.Build.0 = Debug|Any CPU
		{A3315F61-CB83-42AA-A48A-352D0BEE2656}.Debug|iPhone.ActiveCfg = Debug|Any CPU
		{A3315F61-CB83-42AA-A48A-352D0BEE2656}.Debug|iPhone.Build.0 = Debug|Any CPU
		{A3315F61-CB83-42AA-A48A-352D0BEE2656}.Debug|iPhoneSimulator.ActiveCfg = Debug|Any CPU
		{A3315F61-CB83-42AA-A48A-352D0BEE2656}.Debug|iPhoneSimulator.Build.0 = Debug|Any CPU
		{A3315F61-CB83-42AA-A48A-352D0BEE2656}.Debug|x64.ActiveCfg = Debug|Any CPU
		{A3315F61-CB83-42AA-A48A-352D0BEE2656}.Debug|x64.Build.0 = Debug|Any CPU
		{A3315F61-CB83-42AA-A48A-352D0BEE2656}.Debug|x86.ActiveCfg = Debug|Any CPU
		{A3315F61-CB83-42AA-A48A-352D0BEE2656}.Debug|x86.Build.0 = Debug|Any CPU
		{A3315F61-CB83-42AA-A48A-352D0BEE2656}.Release|Any CPU.ActiveCfg = Release|Any CPU
		{A3315F61-CB83-42AA-A48A-352D0BEE2656}.Release|Any CPU.Build.0 = Release|Any CPU
		{A3315F61-CB83-42AA-A48A-352D0BEE2656}.Release|ARM.ActiveCfg = Release|Any CPU
		{A3315F61-CB83-42AA-A48A-352D0BEE2656}.Release|ARM.Build.0 = Release|Any CPU
		{A3315F61-CB83-42AA-A48A-352D0BEE2656}.Release|ARM64.ActiveCfg = Release|Any CPU
		{A3315F61-CB83-42AA-A48A-352D0BEE2656}.Release|ARM64.Build.0 = Release|Any CPU
		{A3315F61-CB83-42AA-A48A-352D0BEE2656}.Release|iPhone.ActiveCfg = Release|Any CPU
		{A3315F61-CB83-42AA-A48A-352D0BEE2656}.Release|iPhone.Build.0 = Release|Any CPU
		{A3315F61-CB83-42AA-A48A-352D0BEE2656}.Release|iPhoneSimulator.ActiveCfg = Release|Any CPU
		{A3315F61-CB83-42AA-A48A-352D0BEE2656}.Release|iPhoneSimulator.Build.0 = Release|Any CPU
		{A3315F61-CB83-42AA-A48A-352D0BEE2656}.Release|x64.ActiveCfg = Release|Any CPU
		{A3315F61-CB83-42AA-A48A-352D0BEE2656}.Release|x64.Build.0 = Release|Any CPU
		{A3315F61-CB83-42AA-A48A-352D0BEE2656}.Release|x86.ActiveCfg = Release|Any CPU
		{A3315F61-CB83-42AA-A48A-352D0BEE2656}.Release|x86.Build.0 = Release|Any CPU
	EndGlobalSection
	GlobalSection(SolutionProperties) = preSolution
		HideSolutionNode = FALSE
	EndGlobalSection
	GlobalSection(NestedProjects) = preSolution
		{684CBC0F-074B-4676-A0AA-07530211499D} = {49736DCA-024D-4810-AD7F-7FF1D59B73DB}
		{AAB0CA11-D753-4451-8EF5-19FE3BE5BFA6} = {49736DCA-024D-4810-AD7F-7FF1D59B73DB}
		{568CBDDB-9BB5-45B8-83C9-87B2DDAAD44C} = {49736DCA-024D-4810-AD7F-7FF1D59B73DB}
		{9045181B-24EA-46E8-ABA8-39EE75592B6D} = {49736DCA-024D-4810-AD7F-7FF1D59B73DB}
		{36507CE4-A76E-4AE6-9A60-4F8F4A432A3F} = {49736DCA-024D-4810-AD7F-7FF1D59B73DB}
		{C4ECFE42-25AB-4226-8CB3-597BADAF25B6} = {49736DCA-024D-4810-AD7F-7FF1D59B73DB}
		{4252E4CC-6A77-4219-88FC-55013980B837} = {49736DCA-024D-4810-AD7F-7FF1D59B73DB}
		{AB0A0D46-1417-425B-A365-A6F9E17906BA} = {49736DCA-024D-4810-AD7F-7FF1D59B73DB}
		{A3315F61-CB83-42AA-A48A-352D0BEE2656} = {49736DCA-024D-4810-AD7F-7FF1D59B73DB}
	EndGlobalSection
	GlobalSection(ExtensibilityGlobals) = postSolution
		SolutionGuid = {42F0FFF3-A5A2-4E42-BB25-8E41812AC3B0}
	EndGlobalSection
	GlobalSection(SharedMSBuildProjectFiles) = preSolution
		UnoShapeBorderIssue\UnoShapeBorderIssue.Shared\UnoShapeBorderIssue.Shared.projitems*{36507ce4-a76e-4ae6-9a60-4f8f4a432a3f}*SharedItemsImports = 4
		UnoShapeBorderIssue\UnoShapeBorderIssue.Shared\UnoShapeBorderIssue.Shared.projitems*{4252e4cc-6a77-4219-88fc-55013980b837}*SharedItemsImports = 5
		UnoShapeBorderIssue\UnoShapeBorderIssue.Shared\UnoShapeBorderIssue.Shared.projitems*{568cbddb-9bb5-45b8-83c9-87b2ddaad44c}*SharedItemsImports = 4
		UnoShapeBorderIssue\UnoShapeBorderIssue.Shared\UnoShapeBorderIssue.Shared.projitems*{6279c845-92f8-4333-ab99-3d213163593c}*SharedItemsImports = 13
		UnoShapeBorderIssue\UnoShapeBorderIssue.Shared\UnoShapeBorderIssue.Shared.projitems*{684cbc0f-074b-4676-a0aa-07530211499d}*SharedItemsImports = 4
		UnoShapeBorderIssue\UnoShapeBorderIssue.Shared\UnoShapeBorderIssue.Shared.projitems*{9045181b-24ea-46e8-aba8-39ee75592b6d}*SharedItemsImports = 5
		UnoShapeBorderIssue\UnoShapeBorderIssue.Shared\UnoShapeBorderIssue.Shared.projitems*{a3315f61-cb83-42aa-a48a-352d0bee2656}*SharedItemsImports = 5
		UnoShapeBorderIssue\UnoShapeBorderIssue.Shared\UnoShapeBorderIssue.Shared.projitems*{aab0ca11-d753-4451-8ef5-19fe3be5bfa6}*SharedItemsImports = 4
		UnoShapeBorderIssue\UnoShapeBorderIssue.Shared\UnoShapeBorderIssue.Shared.projitems*{ab0a0d46-1417-425b-a365-a6f9e17906ba}*SharedItemsImports = 5
	EndGlobalSection
EndGlobal
